
Microsoft Visual Studio Solution File, Format Version 12.00
# Visual Studio Version 17
VisualStudioVersion = 17.4.33213.308
MinimumVisualStudioVersion = 10.0.40219.1
Project("{9A19103F-16F7-4668-BE54-9A1E7A4F7556}") = "UpSchool.Domain", "src\UpSchool.Domain\UpSchool.Domain.csproj", "{A593E7C7-86D7-4B7F-98DA-826C444B093A}"
EndProject
Project("{9A19103F-16F7-4668-BE54-9A1E7A4F7556}") = "LuckySister.Console", "src\LuckySister.Console\LuckySister.Console.csproj", "{8B336E48-AE2C-4915-88F6-9D72C2CC3F8D}"
EndProject
Project("{9A19103F-16F7-4668-BE54-9A1E7A4F7556}") = "UpSchool.Console", "src\UpSchool.Console\UpSchool.Console.csproj", "{E8522772-1FC3-41C6-BB40-F7B7DCAB0D6F}"
EndProject
Project("{9A19103F-16F7-4668-BE54-9A1E7A4F7556}") = "UpSchool.Wasm", "src\UpSchool.Wasm\UpSchool.Wasm.csproj", "{C8A587BA-6F6E-4F7E-B311-3BF53DF2A2AD}"
EndProject
Project("{9A19103F-16F7-4668-BE54-9A1E7A4F7556}") = "UpSchool.WebApi", "UpSchoo.WebApi\UpSchool.WebApi.csproj", "{F53A8BC6-7A3B-43A8-AE5D-3B12426CD80A}"
EndProject
Project("{9A19103F-16F7-4668-BE54-9A1E7A4F7556}") = "UpSchool.Persistence", "UpSchool.Persistence\UpSchool.Persistence.csproj", "{B1520285-1EA6-4A81-97FC-463889B633A7}"
EndProject
Project("{9A19103F-16F7-4668-BE54-9A1E7A4F7556}") = "UpSchool.Selenium.ConsoleClient", "UpSchool.Selenium.ConsoleClient\UpSchool.Selenium.ConsoleClient.csproj", "{79402AD7-ACB2-45EA-A03F-6E2C3B41F38D}"
EndProject
Project("{2150E333-8FDC-42A3-9474-1A3956D46DE8}") = "tests", "tests", "{F104965F-857C-4099-8152-A86118AAC2D9}"
EndProject
Project("{FAE04EC0-301F-11D3-BF4B-00C04F79EFBC}") = "UpSchool.Domain.Tests", "UpSchool.Domain.Tests\UpSchool.Domain.Tests.csproj", "{35FBF323-0163-421F-9988-E100ED30B657}"
EndProject
Global
	GlobalSection(SolutionConfigurationPlatforms) = preSolution
		Debug|Any CPU = Debug|Any CPU
		Release|Any CPU = Release|Any CPU
	EndGlobalSection
	GlobalSection(ProjectConfigurationPlatforms) = postSolution
		{A593E7C7-86D7-4B7F-98DA-826C444B093A}.Debug|Any CPU.ActiveCfg = Debug|Any CPU
		{A593E7C7-86D7-4B7F-98DA-826C444B093A}.Debug|Any CPU.Build.0 = Debug|Any CPU
		{A593E7C7-86D7-4B7F-98DA-826C444B093A}.Release|Any CPU.ActiveCfg = Release|Any CPU
		{A593E7C7-86D7-4B7F-98DA-826C444B093A}.Release|Any CPU.Build.0 = Release|Any CPU
		{8B336E48-AE2C-4915-88F6-9D72C2CC3F8D}.Debug|Any CPU.ActiveCfg = Debug|Any CPU
		{8B336E48-AE2C-4915-88F6-9D72C2CC3F8D}.Debug|Any CPU.Build.0 = Debug|Any CPU
		{8B336E48-AE2C-4915-88F6-9D72C2CC3F8D}.Release|Any CPU.ActiveCfg = Release|Any CPU
		{8B336E48-AE2C-4915-88F6-9D72C2CC3F8D}.Release|Any CPU.Build.0 = Release|Any CPU
		{E8522772-1FC3-41C6-BB40-F7B7DCAB0D6F}.Debug|Any CPU.ActiveCfg = Debug|Any CPU
		{E8522772-1FC3-41C6-BB40-F7B7DCAB0D6F}.Debug|Any CPU.Build.0 = Debug|Any CPU
		{E8522772-1FC3-41C6-BB40-F7B7DCAB0D6F}.Release|Any CPU.ActiveCfg = Release|Any CPU
		{E8522772-1FC3-41C6-BB40-F7B7DCAB0D6F}.Release|Any CPU.Build.0 = Release|Any CPU
		{C8A587BA-6F6E-4F7E-B311-3BF53DF2A2AD}.Debug|Any CPU.ActiveCfg = Debug|Any CPU
		{C8A587BA-6F6E-4F7E-B311-3BF53DF2A2AD}.Debug|Any CPU.Build.0 = Debug|Any CPU
		{C8A587BA-6F6E-4F7E-B311-3BF53DF2A2AD}.Release|Any CPU.ActiveCfg = Release|Any CPU
		{C8A587BA-6F6E-4F7E-B311-3BF53DF2A2AD}.Release|Any CPU.Build.0 = Release|Any CPU
		{F53A8BC6-7A3B-43A8-AE5D-3B12426CD80A}.Debug|Any CPU.ActiveCfg = Debug|Any CPU
		{F53A8BC6-7A3B-43A8-AE5D-3B12426CD80A}.Debug|Any CPU.Build.0 = Debug|Any CPU
		{F53A8BC6-7A3B-43A8-AE5D-3B12426CD80A}.Release|Any CPU.ActiveCfg = Release|Any CPU
		{F53A8BC6-7A3B-43A8-AE5D-3B12426CD80A}.Release|Any CPU.Build.0 = Release|Any CPU
		{B1520285-1EA6-4A81-97FC-463889B633A7}.Debug|Any CPU.ActiveCfg = Debug|Any CPU
		{B1520285-1EA6-4A81-97FC-463889B633A7}.Debug|Any CPU.Build.0 = Debug|Any CPU
		{B1520285-1EA6-4A81-97FC-463889B633A7}.Release|Any CPU.ActiveCfg = Release|Any CPU
		{B1520285-1EA6-4A81-97FC-463889B633A7}.Release|Any CPU.Build.0 = Release|Any CPU
		{79402AD7-ACB2-45EA-A03F-6E2C3B41F38D}.Debug|Any CPU.ActiveCfg = Debug|Any CPU
		{79402AD7-ACB2-45EA-A03F-6E2C3B41F38D}.Debug|Any CPU.Build.0 = Debug|Any CPU
		{79402AD7-ACB2-45EA-A03F-6E2C3B41F38D}.Release|Any CPU.ActiveCfg = Release|Any CPU
		{79402AD7-ACB2-45EA-A03F-6E2C3B41F38D}.Release|Any CPU.Build.0 = Release|Any CPU
		{35FBF323-0163-421F-9988-E100ED30B657}.Debug|Any CPU.ActiveCfg = Debug|Any CPU
		{35FBF323-0163-421F-9988-E100ED30B657}.Debug|Any CPU.Build.0 = Debug|Any CPU
		{35FBF323-0163-421F-9988-E100ED30B657}.Release|Any CPU.ActiveCfg = Release|Any CPU
		{35FBF323-0163-421F-9988-E100ED30B657}.Release|Any CPU.Build.0 = Release|Any CPU
	EndGlobalSection
	GlobalSection(SolutionProperties) = preSolution
		HideSolutionNode = FALSE
	EndGlobalSection
	GlobalSection(NestedProjects) = preSolution
		{35FBF323-0163-421F-9988-E100ED30B657} = {F104965F-857C-4099-8152-A86118AAC2D9}
	EndGlobalSection
	GlobalSection(ExtensibilityGlobals) = postSolution
		SolutionGuid = {2014F114-7C8A-4A2E-8141-AA6629D4F9EB}
	EndGlobalSection
EndGlobal
